// !$*UTF8*$!
{
	archiveVersion = 1;
	classes = {
	};
	objectVersion = 51;
	objects = {

/* Begin PBXBuildFile section */
		951554B42318D0570080BBB7 /* GoogleService-Info.plist in Resources */ = {isa = PBXBuildFile; fileRef = 951554B32318D0570080BBB7 /* GoogleService-Info.plist */; };
		951554BC2318F1040080BBB7 /* UserSignUpView.swift in Sources */ = {isa = PBXBuildFile; fileRef = 951554BB2318F1040080BBB7 /* UserSignUpView.swift */; };
		951554BE23193E910080BBB7 /* FirebaseDataManager.swift in Sources */ = {isa = PBXBuildFile; fileRef = 951554BD23193E910080BBB7 /* FirebaseDataManager.swift */; };
		9518CD9A232673CD00DB1C8B /* Extension+Coordinate.swift in Sources */ = {isa = PBXBuildFile; fileRef = 9518CD99232673CD00DB1C8B /* Extension+Coordinate.swift */; };
		95195B78233A408D00B81703 /* UserOfAppleSignIn.swift in Sources */ = {isa = PBXBuildFile; fileRef = 95195B77233A408D00B81703 /* UserOfAppleSignIn.swift */; };
		9519863C232D2EB200FFCE28 /* RidingInfoView.swift in Sources */ = {isa = PBXBuildFile; fileRef = 9519863B232D2EB200FFCE28 /* RidingInfoView.swift */; };
		951D9257233371AA00275B78 /* RouteDetailStoryboard.storyboard in Resources */ = {isa = PBXBuildFile; fileRef = 951D9256233371AA00275B78 /* RouteDetailStoryboard.storyboard */; };
		951D92592333735400275B78 /* RouteDetailViewController.swift in Sources */ = {isa = PBXBuildFile; fileRef = 951D92582333735400275B78 /* RouteDetailViewController.swift */; };
		951E735F232F5CA700D48B37 /* StorageOfCode.swift in Sources */ = {isa = PBXBuildFile; fileRef = 951E735E232F5CA700D48B37 /* StorageOfCode.swift */; };
		951E7361232F831A00D48B37 /* Kingfisher.swift in Sources */ = {isa = PBXBuildFile; fileRef = 951E7360232F831A00D48B37 /* Kingfisher.swift */; };
		951E7363232FC5CE00D48B37 /* UserRankView.swift in Sources */ = {isa = PBXBuildFile; fileRef = 951E7362232FC5CE00D48B37 /* UserRankView.swift */; };
		951E7365232FCD7100D48B37 /* PolylineCharts.swift in Sources */ = {isa = PBXBuildFile; fileRef = 951E7364232FCD7100D48B37 /* PolylineCharts.swift */; };
		952599282321187D009C7750 /* QRCodeMaker.swift in Sources */ = {isa = PBXBuildFile; fileRef = 952599272321187D009C7750 /* QRCodeMaker.swift */; };
		9525992A232118DE009C7750 /* HomePageStoryboard.storyboard in Resources */ = {isa = PBXBuildFile; fileRef = 95259929232118DE009C7750 /* HomePageStoryboard.storyboard */; };
		9525992C23211914009C7750 /* HomePageViewController.swift in Sources */ = {isa = PBXBuildFile; fileRef = 9525992B23211914009C7750 /* HomePageViewController.swift */; };
		9525992E23211BF1009C7750 /* QRCodeScannerController.swift in Sources */ = {isa = PBXBuildFile; fileRef = 9525992D23211BF1009C7750 /* QRCodeScannerController.swift */; };
		9525993023213F37009C7750 /* QRCodeStoryboard.storyboard in Resources */ = {isa = PBXBuildFile; fileRef = 9525992F23213F37009C7750 /* QRCodeStoryboard.storyboard */; };
		9525993223213FE0009C7750 /* QRCodeView.swift in Sources */ = {isa = PBXBuildFile; fileRef = 9525993123213FE0009C7750 /* QRCodeView.swift */; };
		9525993423214199009C7750 /* QRCodeViewController.swift in Sources */ = {isa = PBXBuildFile; fileRef = 9525993323214199009C7750 /* QRCodeViewController.swift */; };
		95280693231CE3A400EFD895 /* FirebaseAccountManager.swift in Sources */ = {isa = PBXBuildFile; fileRef = 95280692231CE3A400EFD895 /* FirebaseAccountManager.swift */; };
		95280695231D3FA700EFD895 /* GroupStoryboard.storyboard in Resources */ = {isa = PBXBuildFile; fileRef = 95280694231D3FA700EFD895 /* GroupStoryboard.storyboard */; };
		95280698231E065700EFD895 /* GroupListCell.xib in Resources */ = {isa = PBXBuildFile; fileRef = 95280697231E065700EFD895 /* GroupListCell.xib */; };
		9528069C231E086200EFD895 /* GroupListViewController.swift in Sources */ = {isa = PBXBuildFile; fileRef = 9528069B231E086200EFD895 /* GroupListViewController.swift */; };
		9528069E231E098A00EFD895 /* GroupListCell.swift in Sources */ = {isa = PBXBuildFile; fileRef = 9528069D231E098A00EFD895 /* GroupListCell.swift */; };
		952806A0231E101200EFD895 /* GroupDetailViewController.swift in Sources */ = {isa = PBXBuildFile; fileRef = 9528069F231E101200EFD895 /* GroupDetailViewController.swift */; };
		952806A5231E3AF200EFD895 /* RidingViewController.swift in Sources */ = {isa = PBXBuildFile; fileRef = 952806A4231E3AF200EFD895 /* RidingViewController.swift */; };
		952806A7231E3B1000EFD895 /* RidingStoryboard.storyboard in Resources */ = {isa = PBXBuildFile; fileRef = 952806A6231E3B1000EFD895 /* RidingStoryboard.storyboard */; };
		952806A9231E3C7300EFD895 /* GroupDetailStoryboard.storyboard in Resources */ = {isa = PBXBuildFile; fileRef = 952806A8231E3C7300EFD895 /* GroupDetailStoryboard.storyboard */; };
		952806AB231E4E8200EFD895 /* CreateGroupStoryboard.storyboard in Resources */ = {isa = PBXBuildFile; fileRef = 952806AA231E4E8200EFD895 /* CreateGroupStoryboard.storyboard */; };
		952806AF231E512700EFD895 /* CreateGroupController.swift in Sources */ = {isa = PBXBuildFile; fileRef = 952806AE231E512700EFD895 /* CreateGroupController.swift */; };
		952806B1231E5F9800EFD895 /* RidingResultStoryboard.storyboard in Resources */ = {isa = PBXBuildFile; fileRef = 952806B0231E5F9800EFD895 /* RidingResultStoryboard.storyboard */; };
		952806B3231E643900EFD895 /* RidingResultViewController.swift in Sources */ = {isa = PBXBuildFile; fileRef = 952806B2231E643900EFD895 /* RidingResultViewController.swift */; };
		952806B5231E64D500EFD895 /* RidingResultCell.xib in Resources */ = {isa = PBXBuildFile; fileRef = 952806B4231E64D500EFD895 /* RidingResultCell.xib */; };
		952806B7231E64EA00EFD895 /* RidingResultCell.swift in Sources */ = {isa = PBXBuildFile; fileRef = 952806B6231E64EA00EFD895 /* RidingResultCell.swift */; };
		952806BA231E98E900EFD895 /* Extension+UIViewController.swift in Sources */ = {isa = PBXBuildFile; fileRef = 952806B9231E98E900EFD895 /* Extension+UIViewController.swift */; };
		953EF9152331242800DD692B /* RouteCell.swift in Sources */ = {isa = PBXBuildFile; fileRef = 953EF9132331242800DD692B /* RouteCell.swift */; };
		953EF9162331242800DD692B /* RouteCell.xib in Resources */ = {isa = PBXBuildFile; fileRef = 953EF9142331242800DD692B /* RouteCell.xib */; };
		953EF91F2332031C00DD692B /* RouteHeaderView.swift in Sources */ = {isa = PBXBuildFile; fileRef = 953EF91D2332031C00DD692B /* RouteHeaderView.swift */; };
		953EF9202332031C00DD692B /* RouteHeaderView.xib in Resources */ = {isa = PBXBuildFile; fileRef = 953EF91E2332031C00DD692B /* RouteHeaderView.xib */; };
		953EF924233228A200DD692B /* RouteListCell.swift in Sources */ = {isa = PBXBuildFile; fileRef = 953EF922233228A200DD692B /* RouteListCell.swift */; };
		953EF925233228A200DD692B /* RouteListCell.xib in Resources */ = {isa = PBXBuildFile; fileRef = 953EF923233228A200DD692B /* RouteListCell.xib */; };
		954443AF2330D48F00020F9E /* StravaRequest.swift in Sources */ = {isa = PBXBuildFile; fileRef = 954443AE2330D48F00020F9E /* StravaRequest.swift */; };
		95456784232795B6009DA63B /* UserLogInView.swift in Sources */ = {isa = PBXBuildFile; fileRef = 95456783232795B6009DA63B /* UserLogInView.swift */; };
		9545678923287F59009DA63B /* UserProfileStoryboard.storyboard in Resources */ = {isa = PBXBuildFile; fileRef = 9545678823287F59009DA63B /* UserProfileStoryboard.storyboard */; };
		9545678B2328A326009DA63B /* UserProfileController.swift in Sources */ = {isa = PBXBuildFile; fileRef = 9545678A2328A326009DA63B /* UserProfileController.swift */; };
		9545678E2328F5FE009DA63B /* ProfileCell.swift in Sources */ = {isa = PBXBuildFile; fileRef = 9545678C2328F5FE009DA63B /* ProfileCell.swift */; };
		9545678F2328F5FE009DA63B /* ProfileCell.xib in Resources */ = {isa = PBXBuildFile; fileRef = 9545678D2328F5FE009DA63B /* ProfileCell.xib */; };
		9545C98D232A876B00B74B03 /* Extension+UIView.swift in Sources */ = {isa = PBXBuildFile; fileRef = 9545C98C232A876B00B74B03 /* Extension+UIView.swift */; };
		9545C990232C84CD00B74B03 /* HTTPClient.swift in Sources */ = {isa = PBXBuildFile; fileRef = 9545C98F232C84CD00B74B03 /* HTTPClient.swift */; };
		9545C993232C85ED00B74B03 /* GroupData.swift in Sources */ = {isa = PBXBuildFile; fileRef = 9545C992232C85ED00B74B03 /* GroupData.swift */; };
		9545C995232C8C4C00B74B03 /* MemberData.swift in Sources */ = {isa = PBXBuildFile; fileRef = 9545C994232C8C4C00B74B03 /* MemberData.swift */; };
		955AC84F23326F3B00388934 /* StravaAuthManager.swift in Sources */ = {isa = PBXBuildFile; fileRef = 955AC84E23326F3B00388934 /* StravaAuthManager.swift */; };
		955AC8512332790A00388934 /* StravaProvider.swift in Sources */ = {isa = PBXBuildFile; fileRef = 955AC8502332790A00388934 /* StravaProvider.swift */; };
		9589DD77232537FC003A9A87 /* RidingResultHeaderView.swift in Sources */ = {isa = PBXBuildFile; fileRef = 9589DD76232537FC003A9A87 /* RidingResultHeaderView.swift */; };
		9594A06A232F2C71000A91C0 /* Extension+UIImage.swift in Sources */ = {isa = PBXBuildFile; fileRef = 9594A069232F2C71000A91C0 /* Extension+UIImage.swift */; };
		95BE909B23371F6800F40ADD /* Extension+UIColor.swift in Sources */ = {isa = PBXBuildFile; fileRef = 95BE909A23371F6800F40ADD /* Extension+UIColor.swift */; };
		95BE909D233783A200F40ADD /* AreaRouteStoryboard.storyboard in Resources */ = {isa = PBXBuildFile; fileRef = 95BE909C233783A200F40ADD /* AreaRouteStoryboard.storyboard */; };
		95BE909F2337842C00F40ADD /* AreaRouteViewController.swift in Sources */ = {isa = PBXBuildFile; fileRef = 95BE909E2337842C00F40ADD /* AreaRouteViewController.swift */; };
		95CFD177231F677E00329927 /* TabBarViewController.swift in Sources */ = {isa = PBXBuildFile; fileRef = 95CFD176231F677E00329927 /* TabBarViewController.swift */; };
		95CFD179231F6C8700329927 /* TabBarStoryboard.storyboard in Resources */ = {isa = PBXBuildFile; fileRef = 95CFD178231F6C8700329927 /* TabBarStoryboard.storyboard */; };
		95CFD17B231F734600329927 /* KeyChainManager.swift in Sources */ = {isa = PBXBuildFile; fileRef = 95CFD17A231F734600329927 /* KeyChainManager.swift */; };
		95CFD17D231F894400329927 /* FirebaseKey.swift in Sources */ = {isa = PBXBuildFile; fileRef = 95CFD17C231F894400329927 /* FirebaseKey.swift */; };
		95CFD181231FE03B00329927 /* TimeManager.swift in Sources */ = {isa = PBXBuildFile; fileRef = 95CFD180231FE03B00329927 /* TimeManager.swift */; };
		95CFD184231FEEBA00329927 /* Polyline.swift in Sources */ = {isa = PBXBuildFile; fileRef = 95CFD183231FEEBA00329927 /* Polyline.swift */; };
		95D613CA23155BF5008D885E /* AppDelegate.swift in Sources */ = {isa = PBXBuildFile; fileRef = 95D613C923155BF5008D885E /* AppDelegate.swift */; };
		95D613CC23155BF5008D885E /* UserLogInController.swift in Sources */ = {isa = PBXBuildFile; fileRef = 95D613CB23155BF5008D885E /* UserLogInController.swift */; };
		95D613CF23155BF5008D885E /* UserLogInStoryboard.storyboard in Resources */ = {isa = PBXBuildFile; fileRef = 95D613CD23155BF5008D885E /* UserLogInStoryboard.storyboard */; };
		95D613D123155BF6008D885E /* Assets.xcassets in Resources */ = {isa = PBXBuildFile; fileRef = 95D613D023155BF6008D885E /* Assets.xcassets */; };
		95D613D423155BF6008D885E /* LaunchScreen.storyboard in Resources */ = {isa = PBXBuildFile; fileRef = 95D613D223155BF6008D885E /* LaunchScreen.storyboard */; };
		9B877113A4931FAC4834C100 /* Pods_RideTogether.framework in Frameworks */ = {isa = PBXBuildFile; fileRef = BF539F5DC2025F4FCE39767C /* Pods_RideTogether.framework */; };
/* End PBXBuildFile section */

/* Begin PBXFileReference section */
		38001BBEC0A2B8B4F6323FD5 /* Pods-RideTogether.release.xcconfig */ = {isa = PBXFileReference; includeInIndex = 1; lastKnownFileType = text.xcconfig; name = "Pods-RideTogether.release.xcconfig"; path = "Target Support Files/Pods-RideTogether/Pods-RideTogether.release.xcconfig"; sourceTree = "<group>"; };
		951554B32318D0570080BBB7 /* GoogleService-Info.plist */ = {isa = PBXFileReference; fileEncoding = 4; lastKnownFileType = text.plist.xml; path = "GoogleService-Info.plist"; sourceTree = "<group>"; };
		951554BB2318F1040080BBB7 /* UserSignUpView.swift */ = {isa = PBXFileReference; lastKnownFileType = sourcecode.swift; path = UserSignUpView.swift; sourceTree = "<group>"; };
		951554BD23193E910080BBB7 /* FirebaseDataManager.swift */ = {isa = PBXFileReference; lastKnownFileType = sourcecode.swift; path = FirebaseDataManager.swift; sourceTree = "<group>"; };
		9518CD99232673CD00DB1C8B /* Extension+Coordinate.swift */ = {isa = PBXFileReference; lastKnownFileType = sourcecode.swift; path = "Extension+Coordinate.swift"; sourceTree = "<group>"; };
		95195B77233A408D00B81703 /* UserOfAppleSignIn.swift */ = {isa = PBXFileReference; lastKnownFileType = sourcecode.swift; path = UserOfAppleSignIn.swift; sourceTree = "<group>"; };
		95195B79233A4C9B00B81703 /* RideTogether.entitlements */ = {isa = PBXFileReference; lastKnownFileType = text.plist.entitlements; path = RideTogether.entitlements; sourceTree = "<group>"; };
		9519863B232D2EB200FFCE28 /* RidingInfoView.swift */ = {isa = PBXFileReference; lastKnownFileType = sourcecode.swift; path = RidingInfoView.swift; sourceTree = "<group>"; };
		951D9256233371AA00275B78 /* RouteDetailStoryboard.storyboard */ = {isa = PBXFileReference; lastKnownFileType = file.storyboard; path = RouteDetailStoryboard.storyboard; sourceTree = "<group>"; };
		951D92582333735400275B78 /* RouteDetailViewController.swift */ = {isa = PBXFileReference; lastKnownFileType = sourcecode.swift; path = RouteDetailViewController.swift; sourceTree = "<group>"; };
		951E735E232F5CA700D48B37 /* StorageOfCode.swift */ = {isa = PBXFileReference; lastKnownFileType = sourcecode.swift; path = StorageOfCode.swift; sourceTree = "<group>"; };
		951E7360232F831A00D48B37 /* Kingfisher.swift */ = {isa = PBXFileReference; lastKnownFileType = sourcecode.swift; path = Kingfisher.swift; sourceTree = "<group>"; };
		951E7362232FC5CE00D48B37 /* UserRankView.swift */ = {isa = PBXFileReference; lastKnownFileType = sourcecode.swift; path = UserRankView.swift; sourceTree = "<group>"; };
		951E7364232FCD7100D48B37 /* PolylineCharts.swift */ = {isa = PBXFileReference; lastKnownFileType = sourcecode.swift; path = PolylineCharts.swift; sourceTree = "<group>"; };
		952599272321187D009C7750 /* QRCodeMaker.swift */ = {isa = PBXFileReference; lastKnownFileType = sourcecode.swift; path = QRCodeMaker.swift; sourceTree = "<group>"; };
		95259929232118DE009C7750 /* HomePageStoryboard.storyboard */ = {isa = PBXFileReference; lastKnownFileType = file.storyboard; path = HomePageStoryboard.storyboard; sourceTree = "<group>"; };
		9525992B23211914009C7750 /* HomePageViewController.swift */ = {isa = PBXFileReference; lastKnownFileType = sourcecode.swift; path = HomePageViewController.swift; sourceTree = "<group>"; };
		9525992D23211BF1009C7750 /* QRCodeScannerController.swift */ = {isa = PBXFileReference; lastKnownFileType = sourcecode.swift; path = QRCodeScannerController.swift; sourceTree = "<group>"; };
		9525992F23213F37009C7750 /* QRCodeStoryboard.storyboard */ = {isa = PBXFileReference; lastKnownFileType = file.storyboard; path = QRCodeStoryboard.storyboard; sourceTree = "<group>"; };
		9525993123213FE0009C7750 /* QRCodeView.swift */ = {isa = PBXFileReference; lastKnownFileType = sourcecode.swift; path = QRCodeView.swift; sourceTree = "<group>"; };
		9525993323214199009C7750 /* QRCodeViewController.swift */ = {isa = PBXFileReference; lastKnownFileType = sourcecode.swift; path = QRCodeViewController.swift; sourceTree = "<group>"; };
		95280692231CE3A400EFD895 /* FirebaseAccountManager.swift */ = {isa = PBXFileReference; lastKnownFileType = sourcecode.swift; path = FirebaseAccountManager.swift; sourceTree = "<group>"; };
		95280694231D3FA700EFD895 /* GroupStoryboard.storyboard */ = {isa = PBXFileReference; lastKnownFileType = file.storyboard; path = GroupStoryboard.storyboard; sourceTree = "<group>"; };
		95280697231E065700EFD895 /* GroupListCell.xib */ = {isa = PBXFileReference; lastKnownFileType = file.xib; path = GroupListCell.xib; sourceTree = "<group>"; };
		9528069B231E086200EFD895 /* GroupListViewController.swift */ = {isa = PBXFileReference; lastKnownFileType = sourcecode.swift; path = GroupListViewController.swift; sourceTree = "<group>"; };
		9528069D231E098A00EFD895 /* GroupListCell.swift */ = {isa = PBXFileReference; lastKnownFileType = sourcecode.swift; path = GroupListCell.swift; sourceTree = "<group>"; };
		9528069F231E101200EFD895 /* GroupDetailViewController.swift */ = {isa = PBXFileReference; lastKnownFileType = sourcecode.swift; path = GroupDetailViewController.swift; sourceTree = "<group>"; };
		952806A4231E3AF200EFD895 /* RidingViewController.swift */ = {isa = PBXFileReference; lastKnownFileType = sourcecode.swift; path = RidingViewController.swift; sourceTree = "<group>"; };
		952806A6231E3B1000EFD895 /* RidingStoryboard.storyboard */ = {isa = PBXFileReference; lastKnownFileType = file.storyboard; path = RidingStoryboard.storyboard; sourceTree = "<group>"; };
		952806A8231E3C7300EFD895 /* GroupDetailStoryboard.storyboard */ = {isa = PBXFileReference; lastKnownFileType = file.storyboard; path = GroupDetailStoryboard.storyboard; sourceTree = "<group>"; };
		952806AA231E4E8200EFD895 /* CreateGroupStoryboard.storyboard */ = {isa = PBXFileReference; lastKnownFileType = file.storyboard; path = CreateGroupStoryboard.storyboard; sourceTree = "<group>"; };
		952806AE231E512700EFD895 /* CreateGroupController.swift */ = {isa = PBXFileReference; lastKnownFileType = sourcecode.swift; path = CreateGroupController.swift; sourceTree = "<group>"; };
		952806B0231E5F9800EFD895 /* RidingResultStoryboard.storyboard */ = {isa = PBXFileReference; lastKnownFileType = file.storyboard; path = RidingResultStoryboard.storyboard; sourceTree = "<group>"; };
		952806B2231E643900EFD895 /* RidingResultViewController.swift */ = {isa = PBXFileReference; lastKnownFileType = sourcecode.swift; path = RidingResultViewController.swift; sourceTree = "<group>"; };
		952806B4231E64D500EFD895 /* RidingResultCell.xib */ = {isa = PBXFileReference; lastKnownFileType = file.xib; path = RidingResultCell.xib; sourceTree = "<group>"; };
		952806B6231E64EA00EFD895 /* RidingResultCell.swift */ = {isa = PBXFileReference; lastKnownFileType = sourcecode.swift; path = RidingResultCell.swift; sourceTree = "<group>"; };
		952806B9231E98E900EFD895 /* Extension+UIViewController.swift */ = {isa = PBXFileReference; lastKnownFileType = sourcecode.swift; path = "Extension+UIViewController.swift"; sourceTree = "<group>"; };
		953EF9132331242800DD692B /* RouteCell.swift */ = {isa = PBXFileReference; lastKnownFileType = sourcecode.swift; path = RouteCell.swift; sourceTree = "<group>"; };
		953EF9142331242800DD692B /* RouteCell.xib */ = {isa = PBXFileReference; lastKnownFileType = file.xib; path = RouteCell.xib; sourceTree = "<group>"; };
		953EF91D2332031C00DD692B /* RouteHeaderView.swift */ = {isa = PBXFileReference; lastKnownFileType = sourcecode.swift; path = RouteHeaderView.swift; sourceTree = "<group>"; };
		953EF91E2332031C00DD692B /* RouteHeaderView.xib */ = {isa = PBXFileReference; lastKnownFileType = file.xib; path = RouteHeaderView.xib; sourceTree = "<group>"; };
		953EF922233228A200DD692B /* RouteListCell.swift */ = {isa = PBXFileReference; lastKnownFileType = sourcecode.swift; path = RouteListCell.swift; sourceTree = "<group>"; };
		953EF923233228A200DD692B /* RouteListCell.xib */ = {isa = PBXFileReference; lastKnownFileType = file.xib; path = RouteListCell.xib; sourceTree = "<group>"; };
		954443AE2330D48F00020F9E /* StravaRequest.swift */ = {isa = PBXFileReference; lastKnownFileType = sourcecode.swift; path = StravaRequest.swift; sourceTree = "<group>"; };
		95456783232795B6009DA63B /* UserLogInView.swift */ = {isa = PBXFileReference; lastKnownFileType = sourcecode.swift; path = UserLogInView.swift; sourceTree = "<group>"; };
		9545678823287F59009DA63B /* UserProfileStoryboard.storyboard */ = {isa = PBXFileReference; lastKnownFileType = file.storyboard; path = UserProfileStoryboard.storyboard; sourceTree = "<group>"; };
		9545678A2328A326009DA63B /* UserProfileController.swift */ = {isa = PBXFileReference; lastKnownFileType = sourcecode.swift; path = UserProfileController.swift; sourceTree = "<group>"; };
		9545678C2328F5FE009DA63B /* ProfileCell.swift */ = {isa = PBXFileReference; lastKnownFileType = sourcecode.swift; path = ProfileCell.swift; sourceTree = "<group>"; };
		9545678D2328F5FE009DA63B /* ProfileCell.xib */ = {isa = PBXFileReference; lastKnownFileType = file.xib; path = ProfileCell.xib; sourceTree = "<group>"; };
		9545C98C232A876B00B74B03 /* Extension+UIView.swift */ = {isa = PBXFileReference; lastKnownFileType = sourcecode.swift; path = "Extension+UIView.swift"; sourceTree = "<group>"; };
		9545C98F232C84CD00B74B03 /* HTTPClient.swift */ = {isa = PBXFileReference; lastKnownFileType = sourcecode.swift; path = HTTPClient.swift; sourceTree = "<group>"; };
		9545C992232C85ED00B74B03 /* GroupData.swift */ = {isa = PBXFileReference; lastKnownFileType = sourcecode.swift; path = GroupData.swift; sourceTree = "<group>"; };
		9545C994232C8C4C00B74B03 /* MemberData.swift */ = {isa = PBXFileReference; lastKnownFileType = sourcecode.swift; path = MemberData.swift; sourceTree = "<group>"; };
		955AC84E23326F3B00388934 /* StravaAuthManager.swift */ = {isa = PBXFileReference; lastKnownFileType = sourcecode.swift; path = StravaAuthManager.swift; sourceTree = "<group>"; };
		955AC8502332790A00388934 /* StravaProvider.swift */ = {isa = PBXFileReference; lastKnownFileType = sourcecode.swift; path = StravaProvider.swift; sourceTree = "<group>"; };
		9589DD76232537FC003A9A87 /* RidingResultHeaderView.swift */ = {isa = PBXFileReference; lastKnownFileType = sourcecode.swift; path = RidingResultHeaderView.swift; sourceTree = "<group>"; };
		9594A069232F2C71000A91C0 /* Extension+UIImage.swift */ = {isa = PBXFileReference; lastKnownFileType = sourcecode.swift; path = "Extension+UIImage.swift"; sourceTree = "<group>"; };
		95BE909A23371F6800F40ADD /* Extension+UIColor.swift */ = {isa = PBXFileReference; lastKnownFileType = sourcecode.swift; path = "Extension+UIColor.swift"; sourceTree = "<group>"; };
		95BE909C233783A200F40ADD /* AreaRouteStoryboard.storyboard */ = {isa = PBXFileReference; lastKnownFileType = file.storyboard; path = AreaRouteStoryboard.storyboard; sourceTree = "<group>"; };
		95BE909E2337842C00F40ADD /* AreaRouteViewController.swift */ = {isa = PBXFileReference; lastKnownFileType = sourcecode.swift; path = AreaRouteViewController.swift; sourceTree = "<group>"; };
		95CFD176231F677E00329927 /* TabBarViewController.swift */ = {isa = PBXFileReference; lastKnownFileType = sourcecode.swift; path = TabBarViewController.swift; sourceTree = "<group>"; };
		95CFD178231F6C8700329927 /* TabBarStoryboard.storyboard */ = {isa = PBXFileReference; lastKnownFileType = file.storyboard; path = TabBarStoryboard.storyboard; sourceTree = "<group>"; };
		95CFD17A231F734600329927 /* KeyChainManager.swift */ = {isa = PBXFileReference; lastKnownFileType = sourcecode.swift; path = KeyChainManager.swift; sourceTree = "<group>"; };
		95CFD17C231F894400329927 /* FirebaseKey.swift */ = {isa = PBXFileReference; lastKnownFileType = sourcecode.swift; path = FirebaseKey.swift; sourceTree = "<group>"; };
		95CFD180231FE03B00329927 /* TimeManager.swift */ = {isa = PBXFileReference; fileEncoding = 4; lastKnownFileType = sourcecode.swift; path = TimeManager.swift; sourceTree = "<group>"; };
		95CFD183231FEEBA00329927 /* Polyline.swift */ = {isa = PBXFileReference; fileEncoding = 4; lastKnownFileType = sourcecode.swift; path = Polyline.swift; sourceTree = "<group>"; };
		95D613C623155BF5008D885E /* RideTogether.app */ = {isa = PBXFileReference; explicitFileType = wrapper.application; includeInIndex = 0; path = RideTogether.app; sourceTree = BUILT_PRODUCTS_DIR; };
		95D613C923155BF5008D885E /* AppDelegate.swift */ = {isa = PBXFileReference; lastKnownFileType = sourcecode.swift; path = AppDelegate.swift; sourceTree = "<group>"; };
		95D613CB23155BF5008D885E /* UserLogInController.swift */ = {isa = PBXFileReference; lastKnownFileType = sourcecode.swift; path = UserLogInController.swift; sourceTree = "<group>"; };
		95D613CE23155BF5008D885E /* Base */ = {isa = PBXFileReference; lastKnownFileType = file.storyboard; name = Base; path = Base.lproj/UserLogInStoryboard.storyboard; sourceTree = "<group>"; };
		95D613D023155BF6008D885E /* Assets.xcassets */ = {isa = PBXFileReference; lastKnownFileType = folder.assetcatalog; path = Assets.xcassets; sourceTree = "<group>"; };
		95D613D323155BF6008D885E /* Base */ = {isa = PBXFileReference; lastKnownFileType = file.storyboard; name = Base; path = Base.lproj/LaunchScreen.storyboard; sourceTree = "<group>"; };
		95D613D523155BF6008D885E /* Info.plist */ = {isa = PBXFileReference; lastKnownFileType = text.plist.xml; path = Info.plist; sourceTree = "<group>"; };
		B5F17ADEBFE156AD3509BD71 /* Pods-RideTogether.debug.xcconfig */ = {isa = PBXFileReference; includeInIndex = 1; lastKnownFileType = text.xcconfig; name = "Pods-RideTogether.debug.xcconfig"; path = "Target Support Files/Pods-RideTogether/Pods-RideTogether.debug.xcconfig"; sourceTree = "<group>"; };
		BF539F5DC2025F4FCE39767C /* Pods_RideTogether.framework */ = {isa = PBXFileReference; explicitFileType = wrapper.framework; includeInIndex = 0; path = Pods_RideTogether.framework; sourceTree = BUILT_PRODUCTS_DIR; };
/* End PBXFileReference section */

/* Begin PBXFrameworksBuildPhase section */
		95D613C323155BF5008D885E /* Frameworks */ = {
			isa = PBXFrameworksBuildPhase;
			buildActionMask = 2147483647;
			files = (
				9B877113A4931FAC4834C100 /* Pods_RideTogether.framework in Frameworks */,
			);
			runOnlyForDeploymentPostprocessing = 0;
		};
/* End PBXFrameworksBuildPhase section */

/* Begin PBXGroup section */
		434C3E47F412A67E6528010E /* Frameworks */ = {
			isa = PBXGroup;
			children = (
				BF539F5DC2025F4FCE39767C /* Pods_RideTogether.framework */,
			);
			name = Frameworks;
			sourceTree = "<group>";
		};
		951554B52318D5DC0080BBB7 /* Storyboard */ = {
			isa = PBXGroup;
			children = (
				95CFD178231F6C8700329927 /* TabBarStoryboard.storyboard */,
				95BE90A02337B27100F40ADD /* RouteRecommend */,
				95AE91A0232E31D400AD00CF /* RidingGroup */,
				95AE91A1232E31E400AD00CF /* Profile */,
				9525992F23213F37009C7750 /* QRCodeStoryboard.storyboard */,
			);
			path = Storyboard;
			sourceTree = "<group>";
		};
		952806A1231E104A00EFD895 /* GroupListCell */ = {
			isa = PBXGroup;
			children = (
				9528069D231E098A00EFD895 /* GroupListCell.swift */,
				95280697231E065700EFD895 /* GroupListCell.xib */,
			);
			path = GroupListCell;
			sourceTree = "<group>";
		};
		952806B8231E6A6100EFD895 /* RidingResultCell */ = {
			isa = PBXGroup;
			children = (
				952806B6231E64EA00EFD895 /* RidingResultCell.swift */,
				952806B4231E64D500EFD895 /* RidingResultCell.xib */,
			);
			path = RidingResultCell;
			sourceTree = "<group>";
		};
		953EF912233123E200DD692B /* RouteListCell */ = {
			isa = PBXGroup;
			children = (
				953EF922233228A200DD692B /* RouteListCell.swift */,
				953EF923233228A200DD692B /* RouteListCell.xib */,
				95504744233378F600CFD58F /* RouteCell */,
				953EF91D2332031C00DD692B /* RouteHeaderView.swift */,
				953EF91E2332031C00DD692B /* RouteHeaderView.xib */,
			);
			path = RouteListCell;
			sourceTree = "<group>";
		};
		954443AD2330D38800020F9E /* RestfulAPI */ = {
			isa = PBXGroup;
			children = (
				955AC8502332790A00388934 /* StravaProvider.swift */,
				955AC84E23326F3B00388934 /* StravaAuthManager.swift */,
				954443AE2330D48F00020F9E /* StravaRequest.swift */,
			);
			path = RestfulAPI;
			sourceTree = "<group>";
		};
		95456780232746F6009DA63B /* HomePage */ = {
			isa = PBXGroup;
			children = (
				9525992B23211914009C7750 /* HomePageViewController.swift */,
				95BE909E2337842C00F40ADD /* AreaRouteViewController.swift */,
				951D92582333735400275B78 /* RouteDetailViewController.swift */,
			);
			path = HomePage;
			sourceTree = "<group>";
		};
		9545678123274705009DA63B /* RidingGroup */ = {
			isa = PBXGroup;
			children = (
				9528069B231E086200EFD895 /* GroupListViewController.swift */,
				952806AE231E512700EFD895 /* CreateGroupController.swift */,
				9528069F231E101200EFD895 /* GroupDetailViewController.swift */,
				952806A4231E3AF200EFD895 /* RidingViewController.swift */,
				952806B2231E643900EFD895 /* RidingResultViewController.swift */,
			);
			path = RidingGroup;
			sourceTree = "<group>";
		};
		954567822327472E009DA63B /* Profile */ = {
			isa = PBXGroup;
			children = (
				95D613CB23155BF5008D885E /* UserLogInController.swift */,
				9545678A2328A326009DA63B /* UserProfileController.swift */,
				95195B77233A408D00B81703 /* UserOfAppleSignIn.swift */,
			);
			path = Profile;
			sourceTree = "<group>";
		};
		954567852327E977009DA63B /* UserLogIn */ = {
			isa = PBXGroup;
			children = (
				951554BB2318F1040080BBB7 /* UserSignUpView.swift */,
				95456783232795B6009DA63B /* UserLogInView.swift */,
				9545C98B232A71D700B74B03 /* ProfileCell */,
			);
			path = UserLogIn;
			sourceTree = "<group>";
		};
		954567872327E9BE009DA63B /* Firebase */ = {
			isa = PBXGroup;
			children = (
				951554BD23193E910080BBB7 /* FirebaseDataManager.swift */,
				95280692231CE3A400EFD895 /* FirebaseAccountManager.swift */,
				9545C992232C85ED00B74B03 /* GroupData.swift */,
				9545C994232C8C4C00B74B03 /* MemberData.swift */,
				95CFD17C231F894400329927 /* FirebaseKey.swift */,
			);
			path = Firebase;
			sourceTree = "<group>";
		};
		9545C98B232A71D700B74B03 /* ProfileCell */ = {
			isa = PBXGroup;
			children = (
				9545678C2328F5FE009DA63B /* ProfileCell.swift */,
				9545678D2328F5FE009DA63B /* ProfileCell.xib */,
			);
			path = ProfileCell;
			sourceTree = "<group>";
		};
		9545C98E232C84AF00B74B03 /* HTTP */ = {
			isa = PBXGroup;
			children = (
				9545C98F232C84CD00B74B03 /* HTTPClient.swift */,
			);
			path = HTTP;
			sourceTree = "<group>";
		};
		95504744233378F600CFD58F /* RouteCell */ = {
			isa = PBXGroup;
			children = (
				953EF9132331242800DD692B /* RouteCell.swift */,
				953EF9142331242800DD692B /* RouteCell.xib */,
			);
			path = RouteCell;
			sourceTree = "<group>";
		};
		9589DD722323AFFA003A9A87 /* QRcode */ = {
			isa = PBXGroup;
			children = (
				9525992D23211BF1009C7750 /* QRCodeScannerController.swift */,
				9525993323214199009C7750 /* QRCodeViewController.swift */,
			);
			path = QRcode;
			sourceTree = "<group>";
		};
		9589DD7323253405003A9A87 /* RidingResultHeader */ = {
			isa = PBXGroup;
			children = (
				9589DD76232537FC003A9A87 /* RidingResultHeaderView.swift */,
				951E7362232FC5CE00D48B37 /* UserRankView.swift */,
			);
			path = RidingResultHeader;
			sourceTree = "<group>";
		};
		95AE91A0232E31D400AD00CF /* RidingGroup */ = {
			isa = PBXGroup;
			children = (
				95280694231D3FA700EFD895 /* GroupStoryboard.storyboard */,
				952806AA231E4E8200EFD895 /* CreateGroupStoryboard.storyboard */,
				952806A8231E3C7300EFD895 /* GroupDetailStoryboard.storyboard */,
				952806A6231E3B1000EFD895 /* RidingStoryboard.storyboard */,
				952806B0231E5F9800EFD895 /* RidingResultStoryboard.storyboard */,
			);
			path = RidingGroup;
			sourceTree = "<group>";
		};
		95AE91A1232E31E400AD00CF /* Profile */ = {
			isa = PBXGroup;
			children = (
				95D613CD23155BF5008D885E /* UserLogInStoryboard.storyboard */,
				9545678823287F59009DA63B /* UserProfileStoryboard.storyboard */,
			);
			path = Profile;
			sourceTree = "<group>";
		};
		95BE90A02337B27100F40ADD /* RouteRecommend */ = {
			isa = PBXGroup;
			children = (
				95259929232118DE009C7750 /* HomePageStoryboard.storyboard */,
				95BE909C233783A200F40ADD /* AreaRouteStoryboard.storyboard */,
				951D9256233371AA00275B78 /* RouteDetailStoryboard.storyboard */,
			);
			path = RouteRecommend;
			sourceTree = "<group>";
		};
		95CFD182231FEE9300329927 /* Third-Party */ = {
			isa = PBXGroup;
			children = (
				95CFD183231FEEBA00329927 /* Polyline.swift */,
				951E7360232F831A00D48B37 /* Kingfisher.swift */,
			);
			path = "Third-Party";
			sourceTree = "<group>";
		};
		95D613BD23155BF5008D885E = {
			isa = PBXGroup;
			children = (
				95D613C823155BF5008D885E /* RideTogether */,
				95D613C723155BF5008D885E /* Products */,
				E2F7A3C4657FC71E1631E9EB /* Pods */,
				434C3E47F412A67E6528010E /* Frameworks */,
			);
			sourceTree = "<group>";
		};
		95D613C723155BF5008D885E /* Products */ = {
			isa = PBXGroup;
			children = (
				95D613C623155BF5008D885E /* RideTogether.app */,
			);
			name = Products;
			sourceTree = "<group>";
		};
		95D613C823155BF5008D885E /* RideTogether */ = {
			isa = PBXGroup;
			children = (
				95195B79233A4C9B00B81703 /* RideTogether.entitlements */,
				95D613C923155BF5008D885E /* AppDelegate.swift */,
				95CFD182231FEE9300329927 /* Third-Party */,
				95D613DC23155C20008D885E /* Extension */,
				951554B52318D5DC0080BBB7 /* Storyboard */,
				95D613DB23155C0C008D885E /* Model */,
				95D613DE23155C36008D885E /* View */,
				95D613DD23155C2D008D885E /* Controller */,
				95D613D023155BF6008D885E /* Assets.xcassets */,
				95D613D223155BF6008D885E /* LaunchScreen.storyboard */,
				951E735E232F5CA700D48B37 /* StorageOfCode.swift */,
				951554B32318D0570080BBB7 /* GoogleService-Info.plist */,
				95D613D523155BF6008D885E /* Info.plist */,
			);
			path = RideTogether;
			sourceTree = "<group>";
		};
		95D613DB23155C0C008D885E /* Model */ = {
			isa = PBXGroup;
			children = (
				954443AD2330D38800020F9E /* RestfulAPI */,
				9545C98E232C84AF00B74B03 /* HTTP */,
				954567872327E9BE009DA63B /* Firebase */,
				95CFD17A231F734600329927 /* KeyChainManager.swift */,
				95CFD180231FE03B00329927 /* TimeManager.swift */,
				952599272321187D009C7750 /* QRCodeMaker.swift */,
			);
			path = Model;
			sourceTree = "<group>";
		};
		95D613DC23155C20008D885E /* Extension */ = {
			isa = PBXGroup;
			children = (
				952806B9231E98E900EFD895 /* Extension+UIViewController.swift */,
				9518CD99232673CD00DB1C8B /* Extension+Coordinate.swift */,
				9545C98C232A876B00B74B03 /* Extension+UIView.swift */,
				9594A069232F2C71000A91C0 /* Extension+UIImage.swift */,
				95BE909A23371F6800F40ADD /* Extension+UIColor.swift */,
			);
			path = Extension;
			sourceTree = "<group>";
		};
		95D613DD23155C2D008D885E /* Controller */ = {
			isa = PBXGroup;
			children = (
				95CFD176231F677E00329927 /* TabBarViewController.swift */,
				95456780232746F6009DA63B /* HomePage */,
				9545678123274705009DA63B /* RidingGroup */,
				954567822327472E009DA63B /* Profile */,
				9589DD722323AFFA003A9A87 /* QRcode */,
			);
			path = Controller;
			sourceTree = "<group>";
		};
		95D613DE23155C36008D885E /* View */ = {
			isa = PBXGroup;
			children = (
				953EF912233123E200DD692B /* RouteListCell */,
				952806A1231E104A00EFD895 /* GroupListCell */,
				9589DD7323253405003A9A87 /* RidingResultHeader */,
				952806B8231E6A6100EFD895 /* RidingResultCell */,
				954567852327E977009DA63B /* UserLogIn */,
				9525993123213FE0009C7750 /* QRCodeView.swift */,
				9519863B232D2EB200FFCE28 /* RidingInfoView.swift */,
				951E7364232FCD7100D48B37 /* PolylineCharts.swift */,
			);
			path = View;
			sourceTree = "<group>";
		};
		E2F7A3C4657FC71E1631E9EB /* Pods */ = {
			isa = PBXGroup;
			children = (
				B5F17ADEBFE156AD3509BD71 /* Pods-RideTogether.debug.xcconfig */,
				38001BBEC0A2B8B4F6323FD5 /* Pods-RideTogether.release.xcconfig */,
			);
			path = Pods;
			sourceTree = "<group>";
		};
/* End PBXGroup section */

/* Begin PBXNativeTarget section */
		95D613C523155BF5008D885E /* RideTogether */ = {
			isa = PBXNativeTarget;
			buildConfigurationList = 95D613D823155BF6008D885E /* Build configuration list for PBXNativeTarget "RideTogether" */;
			buildPhases = (
				CAACCD5A4C10B50A32B64CF8 /* [CP] Check Pods Manifest.lock */,
				95D613C223155BF5008D885E /* Sources */,
				95D613C323155BF5008D885E /* Frameworks */,
				95D613C423155BF5008D885E /* Resources */,
				400601211A5ADF2327733431 /* [CP] Embed Pods Frameworks */,
				951554BA2318DB0F0080BBB7 /* ShellScript */,
				95CE545A2338D41A00878896 /* ShellScript */,
			);
			buildRules = (
			);
			dependencies = (
			);
			name = RideTogether;
			productName = RideTogether;
			productReference = 95D613C623155BF5008D885E /* RideTogether.app */;
			productType = "com.apple.product-type.application";
		};
/* End PBXNativeTarget section */

/* Begin PBXProject section */
		95D613BE23155BF5008D885E /* Project object */ = {
			isa = PBXProject;
			attributes = {
				LastSwiftUpdateCheck = 1020;
				LastUpgradeCheck = 1020;
				ORGANIZATIONNAME = KevinKLLo;
				TargetAttributes = {
					95D613C523155BF5008D885E = {
						CreatedOnToolsVersion = 10.2.1;
					};
				};
			};
			buildConfigurationList = 95D613C123155BF5008D885E /* Build configuration list for PBXProject "RideTogether" */;
			compatibilityVersion = "Xcode 9.3";
			developmentRegion = en;
			hasScannedForEncodings = 0;
			knownRegions = (
				en,
				Base,
			);
			mainGroup = 95D613BD23155BF5008D885E;
			productRefGroup = 95D613C723155BF5008D885E /* Products */;
			projectDirPath = "";
			projectRoot = "";
			targets = (
				95D613C523155BF5008D885E /* RideTogether */,
			);
		};
/* End PBXProject section */

/* Begin PBXResourcesBuildPhase section */
		95D613C423155BF5008D885E /* Resources */ = {
			isa = PBXResourcesBuildPhase;
			buildActionMask = 2147483647;
			files = (
				952806A9231E3C7300EFD895 /* GroupDetailStoryboard.storyboard in Resources */,
				95280695231D3FA700EFD895 /* GroupStoryboard.storyboard in Resources */,
				952806AB231E4E8200EFD895 /* CreateGroupStoryboard.storyboard in Resources */,
				95280698231E065700EFD895 /* GroupListCell.xib in Resources */,
				95D613D423155BF6008D885E /* LaunchScreen.storyboard in Resources */,
				95BE909D233783A200F40ADD /* AreaRouteStoryboard.storyboard in Resources */,
				9525992A232118DE009C7750 /* HomePageStoryboard.storyboard in Resources */,
				951554B42318D0570080BBB7 /* GoogleService-Info.plist in Resources */,
				952806B5231E64D500EFD895 /* RidingResultCell.xib in Resources */,
				951D9257233371AA00275B78 /* RouteDetailStoryboard.storyboard in Resources */,
				95D613D123155BF6008D885E /* Assets.xcassets in Resources */,
				952806A7231E3B1000EFD895 /* RidingStoryboard.storyboard in Resources */,
				95D613CF23155BF5008D885E /* UserLogInStoryboard.storyboard in Resources */,
				9545678923287F59009DA63B /* UserProfileStoryboard.storyboard in Resources */,
				952806B1231E5F9800EFD895 /* RidingResultStoryboard.storyboard in Resources */,
				953EF9162331242800DD692B /* RouteCell.xib in Resources */,
				9545678F2328F5FE009DA63B /* ProfileCell.xib in Resources */,
				95CFD179231F6C8700329927 /* TabBarStoryboard.storyboard in Resources */,
				953EF925233228A200DD692B /* RouteListCell.xib in Resources */,
				9525993023213F37009C7750 /* QRCodeStoryboard.storyboard in Resources */,
				953EF9202332031C00DD692B /* RouteHeaderView.xib in Resources */,
			);
			runOnlyForDeploymentPostprocessing = 0;
		};
/* End PBXResourcesBuildPhase section */

/* Begin PBXShellScriptBuildPhase section */
		400601211A5ADF2327733431 /* [CP] Embed Pods Frameworks */ = {
			isa = PBXShellScriptBuildPhase;
			buildActionMask = 2147483647;
			files = (
			);
			inputFileListPaths = (
				"${PODS_ROOT}/Target Support Files/Pods-RideTogether/Pods-RideTogether-frameworks-${CONFIGURATION}-input-files.xcfilelist",
			);
			name = "[CP] Embed Pods Frameworks";
			outputFileListPaths = (
				"${PODS_ROOT}/Target Support Files/Pods-RideTogether/Pods-RideTogether-frameworks-${CONFIGURATION}-output-files.xcfilelist",
			);
			runOnlyForDeploymentPostprocessing = 0;
			shellPath = /bin/sh;
			shellScript = "\"${PODS_ROOT}/Target Support Files/Pods-RideTogether/Pods-RideTogether-frameworks.sh\"\n";
			showEnvVarsInLog = 0;
		};
		951554BA2318DB0F0080BBB7 /* ShellScript */ = {
			isa = PBXShellScriptBuildPhase;
			buildActionMask = 2147483647;
			files = (
			);
			inputFileListPaths = (
			);
			inputPaths = (
			);
			outputFileListPaths = (
			);
			outputPaths = (
			);
			runOnlyForDeploymentPostprocessing = 0;
			shellPath = /bin/sh;
			shellScript = "# Type a script or drag a script file from your workspace to insert its path.\n\"${PODS_ROOT}/SwiftLint/swiftlint\" \n";
		};
		95CE545A2338D41A00878896 /* ShellScript */ = {
			isa = PBXShellScriptBuildPhase;
			buildActionMask = 2147483647;
			files = (
			);
			inputFileListPaths = (
			);
			inputPaths = (
			);
			outputFileListPaths = (
			);
			outputPaths = (
			);
			runOnlyForDeploymentPostprocessing = 0;
			shellPath = /bin/sh;
			shellScript = "# Type a script or drag a script file from your workspace to insert its path.\n\"${PODS_ROOT}/Fabric/run\"\n";
		};
		CAACCD5A4C10B50A32B64CF8 /* [CP] Check Pods Manifest.lock */ = {
			isa = PBXShellScriptBuildPhase;
			buildActionMask = 2147483647;
			files = (
			);
			inputFileListPaths = (
			);
			inputPaths = (
				"${PODS_PODFILE_DIR_PATH}/Podfile.lock",
				"${PODS_ROOT}/Manifest.lock",
			);
			name = "[CP] Check Pods Manifest.lock";
			outputFileListPaths = (
			);
			outputPaths = (
				"$(DERIVED_FILE_DIR)/Pods-RideTogether-checkManifestLockResult.txt",
			);
			runOnlyForDeploymentPostprocessing = 0;
			shellPath = /bin/sh;
			shellScript = "diff \"${PODS_PODFILE_DIR_PATH}/Podfile.lock\" \"${PODS_ROOT}/Manifest.lock\" > /dev/null\nif [ $? != 0 ] ; then\n    # print error to STDERR\n    echo \"error: The sandbox is not in sync with the Podfile.lock. Run 'pod install' or update your CocoaPods installation.\" >&2\n    exit 1\nfi\n# This output is used by Xcode 'outputs' to avoid re-running this script phase.\necho \"SUCCESS\" > \"${SCRIPT_OUTPUT_FILE_0}\"\n";
			showEnvVarsInLog = 0;
		};
/* End PBXShellScriptBuildPhase section */

/* Begin PBXSourcesBuildPhase section */
		95D613C223155BF5008D885E /* Sources */ = {
			isa = PBXSourcesBuildPhase;
			buildActionMask = 2147483647;
			files = (
				952806B3231E643900EFD895 /* RidingResultViewController.swift in Sources */,
				953EF9152331242800DD692B /* RouteCell.swift in Sources */,
				9528069C231E086200EFD895 /* GroupListViewController.swift in Sources */,
				953EF91F2332031C00DD692B /* RouteHeaderView.swift in Sources */,
				951E735F232F5CA700D48B37 /* StorageOfCode.swift in Sources */,
				952806A0231E101200EFD895 /* GroupDetailViewController.swift in Sources */,
				951E7365232FCD7100D48B37 /* PolylineCharts.swift in Sources */,
				955AC8512332790A00388934 /* StravaProvider.swift in Sources */,
				9545C990232C84CD00B74B03 /* HTTPClient.swift in Sources */,
				95D613CC23155BF5008D885E /* UserLogInController.swift in Sources */,
				9589DD77232537FC003A9A87 /* RidingResultHeaderView.swift in Sources */,
				95CFD17D231F894400329927 /* FirebaseKey.swift in Sources */,
				95CFD184231FEEBA00329927 /* Polyline.swift in Sources */,
				95CFD177231F677E00329927 /* TabBarViewController.swift in Sources */,
				95456784232795B6009DA63B /* UserLogInView.swift in Sources */,
				9525992C23211914009C7750 /* HomePageViewController.swift in Sources */,
				9545C98D232A876B00B74B03 /* Extension+UIView.swift in Sources */,
				95D613CA23155BF5008D885E /* AppDelegate.swift in Sources */,
				9525993223213FE0009C7750 /* QRCodeView.swift in Sources */,
				952806B7231E64EA00EFD895 /* RidingResultCell.swift in Sources */,
				9594A06A232F2C71000A91C0 /* Extension+UIImage.swift in Sources */,
				95CFD181231FE03B00329927 /* TimeManager.swift in Sources */,
				951D92592333735400275B78 /* RouteDetailViewController.swift in Sources */,
				9545C993232C85ED00B74B03 /* GroupData.swift in Sources */,
				95CFD17B231F734600329927 /* KeyChainManager.swift in Sources */,
				951E7363232FC5CE00D48B37 /* UserRankView.swift in Sources */,
				95280693231CE3A400EFD895 /* FirebaseAccountManager.swift in Sources */,
				953EF924233228A200DD692B /* RouteListCell.swift in Sources */,
				951E7361232F831A00D48B37 /* Kingfisher.swift in Sources */,
				951554BE23193E910080BBB7 /* FirebaseDataManager.swift in Sources */,
				9545678B2328A326009DA63B /* UserProfileController.swift in Sources */,
				951554BC2318F1040080BBB7 /* UserSignUpView.swift in Sources */,
				95195B78233A408D00B81703 /* UserOfAppleSignIn.swift in Sources */,
				9525992E23211BF1009C7750 /* QRCodeScannerController.swift in Sources */,
				9525993423214199009C7750 /* QRCodeViewController.swift in Sources */,
				9545678E2328F5FE009DA63B /* ProfileCell.swift in Sources */,
				952806AF231E512700EFD895 /* CreateGroupController.swift in Sources */,
				9528069E231E098A00EFD895 /* GroupListCell.swift in Sources */,
				95BE909B23371F6800F40ADD /* Extension+UIColor.swift in Sources */,
				952806BA231E98E900EFD895 /* Extension+UIViewController.swift in Sources */,
				95BE909F2337842C00F40ADD /* AreaRouteViewController.swift in Sources */,
				9518CD9A232673CD00DB1C8B /* Extension+Coordinate.swift in Sources */,
				954443AF2330D48F00020F9E /* StravaRequest.swift in Sources */,
				955AC84F23326F3B00388934 /* StravaAuthManager.swift in Sources */,
				9545C995232C8C4C00B74B03 /* MemberData.swift in Sources */,
				9519863C232D2EB200FFCE28 /* RidingInfoView.swift in Sources */,
				952599282321187D009C7750 /* QRCodeMaker.swift in Sources */,
				952806A5231E3AF200EFD895 /* RidingViewController.swift in Sources */,
			);
			runOnlyForDeploymentPostprocessing = 0;
		};
/* End PBXSourcesBuildPhase section */

/* Begin PBXVariantGroup section */
		95D613CD23155BF5008D885E /* UserLogInStoryboard.storyboard */ = {
			isa = PBXVariantGroup;
			children = (
				95D613CE23155BF5008D885E /* Base */,
			);
			name = UserLogInStoryboard.storyboard;
			sourceTree = "<group>";
		};
		95D613D223155BF6008D885E /* LaunchScreen.storyboard */ = {
			isa = PBXVariantGroup;
			children = (
				95D613D323155BF6008D885E /* Base */,
			);
			name = LaunchScreen.storyboard;
			sourceTree = "<group>";
		};
/* End PBXVariantGroup section */

/* Begin XCBuildConfiguration section */
		95D613D623155BF6008D885E /* Debug */ = {
			isa = XCBuildConfiguration;
			buildSettings = {
				ALWAYS_SEARCH_USER_PATHS = NO;
				CLANG_ANALYZER_NONNULL = YES;
				CLANG_ANALYZER_NUMBER_OBJECT_CONVERSION = YES_AGGRESSIVE;
				CLANG_CXX_LANGUAGE_STANDARD = "gnu++14";
				CLANG_CXX_LIBRARY = "libc++";
				CLANG_ENABLE_MODULES = YES;
				CLANG_ENABLE_OBJC_ARC = YES;
				CLANG_ENABLE_OBJC_WEAK = YES;
				CLANG_WARN_BLOCK_CAPTURE_AUTORELEASING = YES;
				CLANG_WARN_BOOL_CONVERSION = YES;
				CLANG_WARN_COMMA = YES;
				CLANG_WARN_CONSTANT_CONVERSION = YES;
				CLANG_WARN_DEPRECATED_OBJC_IMPLEMENTATIONS = YES;
				CLANG_WARN_DIRECT_OBJC_ISA_USAGE = YES_ERROR;
				CLANG_WARN_DOCUMENTATION_COMMENTS = YES;
				CLANG_WARN_EMPTY_BODY = YES;
				CLANG_WARN_ENUM_CONVERSION = YES;
				CLANG_WARN_INFINITE_RECURSION = YES;
				CLANG_WARN_INT_CONVERSION = YES;
				CLANG_WARN_NON_LITERAL_NULL_CONVERSION = YES;
				CLANG_WARN_OBJC_IMPLICIT_RETAIN_SELF = YES;
				CLANG_WARN_OBJC_LITERAL_CONVERSION = YES;
				CLANG_WARN_OBJC_ROOT_CLASS = YES_ERROR;
				CLANG_WARN_RANGE_LOOP_ANALYSIS = YES;
				CLANG_WARN_STRICT_PROTOTYPES = YES;
				CLANG_WARN_SUSPICIOUS_MOVE = YES;
				CLANG_WARN_UNGUARDED_AVAILABILITY = YES_AGGRESSIVE;
				CLANG_WARN_UNREACHABLE_CODE = YES;
				CLANG_WARN__DUPLICATE_METHOD_MATCH = YES;
				CODE_SIGN_IDENTITY = "iPhone Developer";
				COPY_PHASE_STRIP = NO;
				DEBUG_INFORMATION_FORMAT = dwarf;
				ENABLE_STRICT_OBJC_MSGSEND = YES;
				ENABLE_TESTABILITY = YES;
				GCC_C_LANGUAGE_STANDARD = gnu11;
				GCC_DYNAMIC_NO_PIC = NO;
				GCC_NO_COMMON_BLOCKS = YES;
				GCC_OPTIMIZATION_LEVEL = 0;
				GCC_PREPROCESSOR_DEFINITIONS = (
					"DEBUG=1",
					"$(inherited)",
				);
				GCC_WARN_64_TO_32_BIT_CONVERSION = YES;
				GCC_WARN_ABOUT_RETURN_TYPE = YES_ERROR;
				GCC_WARN_UNDECLARED_SELECTOR = YES;
				GCC_WARN_UNINITIALIZED_AUTOS = YES_AGGRESSIVE;
				GCC_WARN_UNUSED_FUNCTION = YES;
				GCC_WARN_UNUSED_VARIABLE = YES;
				IPHONEOS_DEPLOYMENT_TARGET = 12.2;
				MTL_ENABLE_DEBUG_INFO = INCLUDE_SOURCE;
				MTL_FAST_MATH = YES;
				ONLY_ACTIVE_ARCH = YES;
				SDKROOT = iphoneos;
				SWIFT_ACTIVE_COMPILATION_CONDITIONS = DEBUG;
				SWIFT_OPTIMIZATION_LEVEL = "-Onone";
			};
			name = Debug;
		};
		95D613D723155BF6008D885E /* Release */ = {
			isa = XCBuildConfiguration;
			buildSettings = {
				ALWAYS_SEARCH_USER_PATHS = NO;
				CLANG_ANALYZER_NONNULL = YES;
				CLANG_ANALYZER_NUMBER_OBJECT_CONVERSION = YES_AGGRESSIVE;
				CLANG_CXX_LANGUAGE_STANDARD = "gnu++14";
				CLANG_CXX_LIBRARY = "libc++";
				CLANG_ENABLE_MODULES = YES;
				CLANG_ENABLE_OBJC_ARC = YES;
				CLANG_ENABLE_OBJC_WEAK = YES;
				CLANG_WARN_BLOCK_CAPTURE_AUTORELEASING = YES;
				CLANG_WARN_BOOL_CONVERSION = YES;
				CLANG_WARN_COMMA = YES;
				CLANG_WARN_CONSTANT_CONVERSION = YES;
				CLANG_WARN_DEPRECATED_OBJC_IMPLEMENTATIONS = YES;
				CLANG_WARN_DIRECT_OBJC_ISA_USAGE = YES_ERROR;
				CLANG_WARN_DOCUMENTATION_COMMENTS = YES;
				CLANG_WARN_EMPTY_BODY = YES;
				CLANG_WARN_ENUM_CONVERSION = YES;
				CLANG_WARN_INFINITE_RECURSION = YES;
				CLANG_WARN_INT_CONVERSION = YES;
				CLANG_WARN_NON_LITERAL_NULL_CONVERSION = YES;
				CLANG_WARN_OBJC_IMPLICIT_RETAIN_SELF = YES;
				CLANG_WARN_OBJC_LITERAL_CONVERSION = YES;
				CLANG_WARN_OBJC_ROOT_CLASS = YES_ERROR;
				CLANG_WARN_RANGE_LOOP_ANALYSIS = YES;
				CLANG_WARN_STRICT_PROTOTYPES = YES;
				CLANG_WARN_SUSPICIOUS_MOVE = YES;
				CLANG_WARN_UNGUARDED_AVAILABILITY = YES_AGGRESSIVE;
				CLANG_WARN_UNREACHABLE_CODE = YES;
				CLANG_WARN__DUPLICATE_METHOD_MATCH = YES;
				CODE_SIGN_IDENTITY = "iPhone Developer";
				COPY_PHASE_STRIP = NO;
				DEBUG_INFORMATION_FORMAT = "dwarf-with-dsym";
				ENABLE_NS_ASSERTIONS = NO;
				ENABLE_STRICT_OBJC_MSGSEND = YES;
				GCC_C_LANGUAGE_STANDARD = gnu11;
				GCC_NO_COMMON_BLOCKS = YES;
				GCC_WARN_64_TO_32_BIT_CONVERSION = YES;
				GCC_WARN_ABOUT_RETURN_TYPE = YES_ERROR;
				GCC_WARN_UNDECLARED_SELECTOR = YES;
				GCC_WARN_UNINITIALIZED_AUTOS = YES_AGGRESSIVE;
				GCC_WARN_UNUSED_FUNCTION = YES;
				GCC_WARN_UNUSED_VARIABLE = YES;
				IPHONEOS_DEPLOYMENT_TARGET = 12.2;
				MTL_ENABLE_DEBUG_INFO = NO;
				MTL_FAST_MATH = YES;
				SDKROOT = iphoneos;
				SWIFT_COMPILATION_MODE = wholemodule;
				SWIFT_OPTIMIZATION_LEVEL = "-O";
				VALIDATE_PRODUCT = YES;
			};
			name = Release;
		};
		95D613D923155BF6008D885E /* Debug */ = {
			isa = XCBuildConfiguration;
			baseConfigurationReference = B5F17ADEBFE156AD3509BD71 /* Pods-RideTogether.debug.xcconfig */;
			buildSettings = {
				ASSETCATALOG_COMPILER_APPICON_NAME = AppIcon;
				CODE_SIGN_ENTITLEMENTS = RideTogether/RideTogether.entitlements;
				CODE_SIGN_STYLE = Automatic;
				DEBUG_INFORMATION_FORMAT = "dwarf-with-dsym";
				DEVELOPMENT_TEAM = TPD4KTK4ZX;
				INFOPLIST_FILE = RideTogether/Info.plist;
				IPHONEOS_DEPLOYMENT_TARGET = 13.0;
				LD_RUNPATH_SEARCH_PATHS = (
					"$(inherited)",
					"@executable_path/Frameworks",
				);
				PRODUCT_BUNDLE_IDENTIFIER = com.KevinKLLo.RideTogether;
				PRODUCT_NAME = "$(TARGET_NAME)";
				SWIFT_VERSION = 5.0;
				TARGETED_DEVICE_FAMILY = 1;
			};
			name = Debug;
		};
		95D613DA23155BF6008D885E /* Release */ = {
			isa = XCBuildConfiguration;
			baseConfigurationReference = 38001BBEC0A2B8B4F6323FD5 /* Pods-RideTogether.release.xcconfig */;
			buildSettings = {
				ASSETCATALOG_COMPILER_APPICON_NAME = AppIcon;
				CODE_SIGN_ENTITLEMENTS = RideTogether/RideTogether.entitlements;
				CODE_SIGN_STYLE = Automatic;
				DEVELOPMENT_TEAM = TPD4KTK4ZX;
				INFOPLIST_FILE = RideTogether/Info.plist;
				IPHONEOS_DEPLOYMENT_TARGET = 13.0;
				LD_RUNPATH_SEARCH_PATHS = (
					"$(inherited)",
					"@executable_path/Frameworks",
				);
				PRODUCT_BUNDLE_IDENTIFIER = com.KevinKLLo.RideTogether;
				PRODUCT_NAME = "$(TARGET_NAME)";
				SWIFT_VERSION = 5.0;
				TARGETED_DEVICE_FAMILY = 1;
			};
			name = Release;
		};
/* End XCBuildConfiguration section */

/* Begin XCConfigurationList section */
		95D613C123155BF5008D885E /* Build configuration list for PBXProject "RideTogether" */ = {
			isa = XCConfigurationList;
			buildConfigurations = (
				95D613D623155BF6008D885E /* Debug */,
				95D613D723155BF6008D885E /* Release */,
			);
			defaultConfigurationIsVisible = 0;
			defaultConfigurationName = Release;
		};
		95D613D823155BF6008D885E /* Build configuration list for PBXNativeTarget "RideTogether" */ = {
			isa = XCConfigurationList;
			buildConfigurations = (
				95D613D923155BF6008D885E /* Debug */,
				95D613DA23155BF6008D885E /* Release */,
			);
			defaultConfigurationIsVisible = 0;
			defaultConfigurationName = Release;
		};
/* End XCConfigurationList section */
	};
	rootObject = 95D613BE23155BF5008D885E /* Project object */;
}
