// !$*UTF8*$!
{
	archiveVersion = 1;
	classes = {
	};
	objectVersion = 51;
	objects = {

/* Begin PBXBuildFile section */
		951554B42318D0570080BBB7 /* GoogleService-Info.plist in Resources */ = {isa = PBXBuildFile; fileRef = 951554B32318D0570080BBB7 /* GoogleService-Info.plist */; };
		951554BC2318F1040080BBB7 /* UserSignInView.swift in Sources */ = {isa = PBXBuildFile; fileRef = 951554BB2318F1040080BBB7 /* UserSignInView.swift */; };
		951554BE23193E910080BBB7 /* FirebaseDataManager.swift in Sources */ = {isa = PBXBuildFile; fileRef = 951554BD23193E910080BBB7 /* FirebaseDataManager.swift */; };
		95280693231CE3A400EFD895 /* FirebaseLoginManager.swift in Sources */ = {isa = PBXBuildFile; fileRef = 95280692231CE3A400EFD895 /* FirebaseLoginManager.swift */; };
		95280695231D3FA700EFD895 /* GroupStoryboard.storyboard in Resources */ = {isa = PBXBuildFile; fileRef = 95280694231D3FA700EFD895 /* GroupStoryboard.storyboard */; };
		95280698231E065700EFD895 /* GroupListCell.xib in Resources */ = {isa = PBXBuildFile; fileRef = 95280697231E065700EFD895 /* GroupListCell.xib */; };
		9528069C231E086200EFD895 /* GroupViewController.swift in Sources */ = {isa = PBXBuildFile; fileRef = 9528069B231E086200EFD895 /* GroupViewController.swift */; };
		9528069E231E098A00EFD895 /* GroupListCell.swift in Sources */ = {isa = PBXBuildFile; fileRef = 9528069D231E098A00EFD895 /* GroupListCell.swift */; };
		952806A0231E101200EFD895 /* GroupDetailViewController.swift in Sources */ = {isa = PBXBuildFile; fileRef = 9528069F231E101200EFD895 /* GroupDetailViewController.swift */; };
		95D613CA23155BF5008D885E /* AppDelegate.swift in Sources */ = {isa = PBXBuildFile; fileRef = 95D613C923155BF5008D885E /* AppDelegate.swift */; };
		95D613CC23155BF5008D885E /* UserLoginInController.swift in Sources */ = {isa = PBXBuildFile; fileRef = 95D613CB23155BF5008D885E /* UserLoginInController.swift */; };
		95D613CF23155BF5008D885E /* Main.storyboard in Resources */ = {isa = PBXBuildFile; fileRef = 95D613CD23155BF5008D885E /* Main.storyboard */; };
		95D613D123155BF6008D885E /* Assets.xcassets in Resources */ = {isa = PBXBuildFile; fileRef = 95D613D023155BF6008D885E /* Assets.xcassets */; };
		95D613D423155BF6008D885E /* LaunchScreen.storyboard in Resources */ = {isa = PBXBuildFile; fileRef = 95D613D223155BF6008D885E /* LaunchScreen.storyboard */; };
		9B877113A4931FAC4834C100 /* Pods_RideTogether.framework in Frameworks */ = {isa = PBXBuildFile; fileRef = BF539F5DC2025F4FCE39767C /* Pods_RideTogether.framework */; };
/* End PBXBuildFile section */

/* Begin PBXFileReference section */
		38001BBEC0A2B8B4F6323FD5 /* Pods-RideTogether.release.xcconfig */ = {isa = PBXFileReference; includeInIndex = 1; lastKnownFileType = text.xcconfig; name = "Pods-RideTogether.release.xcconfig"; path = "Target Support Files/Pods-RideTogether/Pods-RideTogether.release.xcconfig"; sourceTree = "<group>"; };
		951554B32318D0570080BBB7 /* GoogleService-Info.plist */ = {isa = PBXFileReference; fileEncoding = 4; lastKnownFileType = text.plist.xml; path = "GoogleService-Info.plist"; sourceTree = "<group>"; };
		951554BB2318F1040080BBB7 /* UserSignInView.swift */ = {isa = PBXFileReference; lastKnownFileType = sourcecode.swift; path = UserSignInView.swift; sourceTree = "<group>"; };
		951554BD23193E910080BBB7 /* FirebaseDataManager.swift */ = {isa = PBXFileReference; lastKnownFileType = sourcecode.swift; path = FirebaseDataManager.swift; sourceTree = "<group>"; };
		95280692231CE3A400EFD895 /* FirebaseLoginManager.swift */ = {isa = PBXFileReference; lastKnownFileType = sourcecode.swift; path = FirebaseLoginManager.swift; sourceTree = "<group>"; };
		95280694231D3FA700EFD895 /* GroupStoryboard.storyboard */ = {isa = PBXFileReference; lastKnownFileType = file.storyboard; path = GroupStoryboard.storyboard; sourceTree = "<group>"; };
		95280697231E065700EFD895 /* GroupListCell.xib */ = {isa = PBXFileReference; lastKnownFileType = file.xib; path = GroupListCell.xib; sourceTree = "<group>"; };
		9528069B231E086200EFD895 /* GroupViewController.swift */ = {isa = PBXFileReference; lastKnownFileType = sourcecode.swift; path = GroupViewController.swift; sourceTree = "<group>"; };
		9528069D231E098A00EFD895 /* GroupListCell.swift */ = {isa = PBXFileReference; lastKnownFileType = sourcecode.swift; path = GroupListCell.swift; sourceTree = "<group>"; };
		9528069F231E101200EFD895 /* GroupDetailViewController.swift */ = {isa = PBXFileReference; lastKnownFileType = sourcecode.swift; path = GroupDetailViewController.swift; sourceTree = "<group>"; };
		95D613C623155BF5008D885E /* RideTogether.app */ = {isa = PBXFileReference; explicitFileType = wrapper.application; includeInIndex = 0; path = RideTogether.app; sourceTree = BUILT_PRODUCTS_DIR; };
		95D613C923155BF5008D885E /* AppDelegate.swift */ = {isa = PBXFileReference; lastKnownFileType = sourcecode.swift; path = AppDelegate.swift; sourceTree = "<group>"; };
		95D613CB23155BF5008D885E /* UserLoginInController.swift */ = {isa = PBXFileReference; lastKnownFileType = sourcecode.swift; path = UserLoginInController.swift; sourceTree = "<group>"; };
		95D613CE23155BF5008D885E /* Base */ = {isa = PBXFileReference; lastKnownFileType = file.storyboard; name = Base; path = Base.lproj/Main.storyboard; sourceTree = "<group>"; };
		95D613D023155BF6008D885E /* Assets.xcassets */ = {isa = PBXFileReference; lastKnownFileType = folder.assetcatalog; path = Assets.xcassets; sourceTree = "<group>"; };
		95D613D323155BF6008D885E /* Base */ = {isa = PBXFileReference; lastKnownFileType = file.storyboard; name = Base; path = Base.lproj/LaunchScreen.storyboard; sourceTree = "<group>"; };
		95D613D523155BF6008D885E /* Info.plist */ = {isa = PBXFileReference; lastKnownFileType = text.plist.xml; path = Info.plist; sourceTree = "<group>"; };
		B5F17ADEBFE156AD3509BD71 /* Pods-RideTogether.debug.xcconfig */ = {isa = PBXFileReference; includeInIndex = 1; lastKnownFileType = text.xcconfig; name = "Pods-RideTogether.debug.xcconfig"; path = "Target Support Files/Pods-RideTogether/Pods-RideTogether.debug.xcconfig"; sourceTree = "<group>"; };
		BF539F5DC2025F4FCE39767C /* Pods_RideTogether.framework */ = {isa = PBXFileReference; explicitFileType = wrapper.framework; includeInIndex = 0; path = Pods_RideTogether.framework; sourceTree = BUILT_PRODUCTS_DIR; };
/* End PBXFileReference section */

/* Begin PBXFrameworksBuildPhase section */
		95D613C323155BF5008D885E /* Frameworks */ = {
			isa = PBXFrameworksBuildPhase;
			buildActionMask = 2147483647;
			files = (
				9B877113A4931FAC4834C100 /* Pods_RideTogether.framework in Frameworks */,
			);
			runOnlyForDeploymentPostprocessing = 0;
		};
/* End PBXFrameworksBuildPhase section */

/* Begin PBXGroup section */
		434C3E47F412A67E6528010E /* Frameworks */ = {
			isa = PBXGroup;
			children = (
				BF539F5DC2025F4FCE39767C /* Pods_RideTogether.framework */,
			);
			name = Frameworks;
			sourceTree = "<group>";
		};
		951554B52318D5DC0080BBB7 /* Storyboard */ = {
			isa = PBXGroup;
			children = (
				95D613CD23155BF5008D885E /* Main.storyboard */,
				9528069F231E101200EFD895 /* GroupDetailViewController.swift */,
				9528069B231E086200EFD895 /* GroupViewController.swift */,
				95280694231D3FA700EFD895 /* GroupStoryboard.storyboard */,
			);
			path = Storyboard;
			sourceTree = "<group>";
		};
		952806A1231E104A00EFD895 /* GroupListCell */ = {
			isa = PBXGroup;
			children = (
				9528069D231E098A00EFD895 /* GroupListCell.swift */,
				95280697231E065700EFD895 /* GroupListCell.xib */,
			);
			path = GroupListCell;
			sourceTree = "<group>";
		};
		95D613BD23155BF5008D885E = {
			isa = PBXGroup;
			children = (
				95D613C823155BF5008D885E /* RideTogether */,
				95D613C723155BF5008D885E /* Products */,
				E2F7A3C4657FC71E1631E9EB /* Pods */,
				434C3E47F412A67E6528010E /* Frameworks */,
			);
			sourceTree = "<group>";
		};
		95D613C723155BF5008D885E /* Products */ = {
			isa = PBXGroup;
			children = (
				95D613C623155BF5008D885E /* RideTogether.app */,
			);
			name = Products;
			sourceTree = "<group>";
		};
		95D613C823155BF5008D885E /* RideTogether */ = {
			isa = PBXGroup;
			children = (
				95D613C923155BF5008D885E /* AppDelegate.swift */,
				95D613DC23155C20008D885E /* Extension */,
				951554B52318D5DC0080BBB7 /* Storyboard */,
				95D613DB23155C0C008D885E /* Model */,
				95D613DE23155C36008D885E /* View */,
				95D613DD23155C2D008D885E /* Controller */,
				95D613D023155BF6008D885E /* Assets.xcassets */,
				95D613D223155BF6008D885E /* LaunchScreen.storyboard */,
				951554B32318D0570080BBB7 /* GoogleService-Info.plist */,
				95D613D523155BF6008D885E /* Info.plist */,
			);
			path = RideTogether;
			sourceTree = "<group>";
		};
		95D613DB23155C0C008D885E /* Model */ = {
			isa = PBXGroup;
			children = (
				951554BD23193E910080BBB7 /* FirebaseDataManager.swift */,
				95280692231CE3A400EFD895 /* FirebaseLoginManager.swift */,
			);
			path = Model;
			sourceTree = "<group>";
		};
		95D613DC23155C20008D885E /* Extension */ = {
			isa = PBXGroup;
			children = (
			);
			path = Extension;
			sourceTree = "<group>";
		};
		95D613DD23155C2D008D885E /* Controller */ = {
			isa = PBXGroup;
			children = (
				95D613CB23155BF5008D885E /* UserLoginInController.swift */,
			);
			path = Controller;
			sourceTree = "<group>";
		};
		95D613DE23155C36008D885E /* View */ = {
			isa = PBXGroup;
			children = (
				952806A1231E104A00EFD895 /* GroupListCell */,
				951554BB2318F1040080BBB7 /* UserSignInView.swift */,
			);
			path = View;
			sourceTree = "<group>";
		};
		E2F7A3C4657FC71E1631E9EB /* Pods */ = {
			isa = PBXGroup;
			children = (
				B5F17ADEBFE156AD3509BD71 /* Pods-RideTogether.debug.xcconfig */,
				38001BBEC0A2B8B4F6323FD5 /* Pods-RideTogether.release.xcconfig */,
			);
			path = Pods;
			sourceTree = "<group>";
		};
/* End PBXGroup section */

/* Begin PBXNativeTarget section */
		95D613C523155BF5008D885E /* RideTogether */ = {
			isa = PBXNativeTarget;
			buildConfigurationList = 95D613D823155BF6008D885E /* Build configuration list for PBXNativeTarget "RideTogether" */;
			buildPhases = (
				CAACCD5A4C10B50A32B64CF8 /* [CP] Check Pods Manifest.lock */,
				95D613C223155BF5008D885E /* Sources */,
				95D613C323155BF5008D885E /* Frameworks */,
				95D613C423155BF5008D885E /* Resources */,
				400601211A5ADF2327733431 /* [CP] Embed Pods Frameworks */,
				951554BA2318DB0F0080BBB7 /* ShellScript */,
			);
			buildRules = (
			);
			dependencies = (
			);
			name = RideTogether;
			productName = RideTogether;
			productReference = 95D613C623155BF5008D885E /* RideTogether.app */;
			productType = "com.apple.product-type.application";
		};
/* End PBXNativeTarget section */

/* Begin PBXProject section */
		95D613BE23155BF5008D885E /* Project object */ = {
			isa = PBXProject;
			attributes = {
				LastSwiftUpdateCheck = 1020;
				LastUpgradeCheck = 1020;
				ORGANIZATIONNAME = KevinKLLo;
				TargetAttributes = {
					95D613C523155BF5008D885E = {
						CreatedOnToolsVersion = 10.2.1;
					};
				};
			};
			buildConfigurationList = 95D613C123155BF5008D885E /* Build configuration list for PBXProject "RideTogether" */;
			compatibilityVersion = "Xcode 9.3";
			developmentRegion = en;
			hasScannedForEncodings = 0;
			knownRegions = (
				en,
				Base,
			);
			mainGroup = 95D613BD23155BF5008D885E;
			productRefGroup = 95D613C723155BF5008D885E /* Products */;
			projectDirPath = "";
			projectRoot = "";
			targets = (
				95D613C523155BF5008D885E /* RideTogether */,
			);
		};
/* End PBXProject section */

/* Begin PBXResourcesBuildPhase section */
		95D613C423155BF5008D885E /* Resources */ = {
			isa = PBXResourcesBuildPhase;
			buildActionMask = 2147483647;
			files = (
				95280695231D3FA700EFD895 /* GroupStoryboard.storyboard in Resources */,
				95280698231E065700EFD895 /* GroupListCell.xib in Resources */,
				95D613D423155BF6008D885E /* LaunchScreen.storyboard in Resources */,
				951554B42318D0570080BBB7 /* GoogleService-Info.plist in Resources */,
				95D613D123155BF6008D885E /* Assets.xcassets in Resources */,
				95D613CF23155BF5008D885E /* Main.storyboard in Resources */,
			);
			runOnlyForDeploymentPostprocessing = 0;
		};
/* End PBXResourcesBuildPhase section */

/* Begin PBXShellScriptBuildPhase section */
		400601211A5ADF2327733431 /* [CP] Embed Pods Frameworks */ = {
			isa = PBXShellScriptBuildPhase;
			buildActionMask = 2147483647;
			files = (
			);
			inputFileListPaths = (
				"${PODS_ROOT}/Target Support Files/Pods-RideTogether/Pods-RideTogether-frameworks-${CONFIGURATION}-input-files.xcfilelist",
			);
			name = "[CP] Embed Pods Frameworks";
			outputFileListPaths = (
				"${PODS_ROOT}/Target Support Files/Pods-RideTogether/Pods-RideTogether-frameworks-${CONFIGURATION}-output-files.xcfilelist",
			);
			runOnlyForDeploymentPostprocessing = 0;
			shellPath = /bin/sh;
			shellScript = "\"${PODS_ROOT}/Target Support Files/Pods-RideTogether/Pods-RideTogether-frameworks.sh\"\n";
			showEnvVarsInLog = 0;
		};
		951554BA2318DB0F0080BBB7 /* ShellScript */ = {
			isa = PBXShellScriptBuildPhase;
			buildActionMask = 2147483647;
			files = (
			);
			inputFileListPaths = (
			);
			inputPaths = (
			);
			outputFileListPaths = (
			);
			outputPaths = (
			);
			runOnlyForDeploymentPostprocessing = 0;
			shellPath = /bin/sh;
			shellScript = "# Type a script or drag a script file from your workspace to insert its path.\n\"${PODS_ROOT}/SwiftLint/swiftlint\" \n";
		};
		CAACCD5A4C10B50A32B64CF8 /* [CP] Check Pods Manifest.lock */ = {
			isa = PBXShellScriptBuildPhase;
			buildActionMask = 2147483647;
			files = (
			);
			inputFileListPaths = (
			);
			inputPaths = (
				"${PODS_PODFILE_DIR_PATH}/Podfile.lock",
				"${PODS_ROOT}/Manifest.lock",
			);
			name = "[CP] Check Pods Manifest.lock";
			outputFileListPaths = (
			);
			outputPaths = (
				"$(DERIVED_FILE_DIR)/Pods-RideTogether-checkManifestLockResult.txt",
			);
			runOnlyForDeploymentPostprocessing = 0;
			shellPath = /bin/sh;
			shellScript = "diff \"${PODS_PODFILE_DIR_PATH}/Podfile.lock\" \"${PODS_ROOT}/Manifest.lock\" > /dev/null\nif [ $? != 0 ] ; then\n    # print error to STDERR\n    echo \"error: The sandbox is not in sync with the Podfile.lock. Run 'pod install' or update your CocoaPods installation.\" >&2\n    exit 1\nfi\n# This output is used by Xcode 'outputs' to avoid re-running this script phase.\necho \"SUCCESS\" > \"${SCRIPT_OUTPUT_FILE_0}\"\n";
			showEnvVarsInLog = 0;
		};
/* End PBXShellScriptBuildPhase section */

/* Begin PBXSourcesBuildPhase section */
		95D613C223155BF5008D885E /* Sources */ = {
			isa = PBXSourcesBuildPhase;
			buildActionMask = 2147483647;
			files = (
				9528069C231E086200EFD895 /* GroupViewController.swift in Sources */,
				952806A0231E101200EFD895 /* GroupDetailViewController.swift in Sources */,
				95D613CC23155BF5008D885E /* UserLoginInController.swift in Sources */,
				95D613CA23155BF5008D885E /* AppDelegate.swift in Sources */,
				95280693231CE3A400EFD895 /* FirebaseLoginManager.swift in Sources */,
				951554BE23193E910080BBB7 /* FirebaseDataManager.swift in Sources */,
				951554BC2318F1040080BBB7 /* UserSignInView.swift in Sources */,
				9528069E231E098A00EFD895 /* GroupListCell.swift in Sources */,
			);
			runOnlyForDeploymentPostprocessing = 0;
		};
/* End PBXSourcesBuildPhase section */

/* Begin PBXVariantGroup section */
		95D613CD23155BF5008D885E /* Main.storyboard */ = {
			isa = PBXVariantGroup;
			children = (
				95D613CE23155BF5008D885E /* Base */,
			);
			name = Main.storyboard;
			sourceTree = "<group>";
		};
		95D613D223155BF6008D885E /* LaunchScreen.storyboard */ = {
			isa = PBXVariantGroup;
			children = (
				95D613D323155BF6008D885E /* Base */,
			);
			name = LaunchScreen.storyboard;
			sourceTree = "<group>";
		};
/* End PBXVariantGroup section */

/* Begin XCBuildConfiguration section */
		95D613D623155BF6008D885E /* Debug */ = {
			isa = XCBuildConfiguration;
			buildSettings = {
				ALWAYS_SEARCH_USER_PATHS = NO;
				CLANG_ANALYZER_NONNULL = YES;
				CLANG_ANALYZER_NUMBER_OBJECT_CONVERSION = YES_AGGRESSIVE;
				CLANG_CXX_LANGUAGE_STANDARD = "gnu++14";
				CLANG_CXX_LIBRARY = "libc++";
				CLANG_ENABLE_MODULES = YES;
				CLANG_ENABLE_OBJC_ARC = YES;
				CLANG_ENABLE_OBJC_WEAK = YES;
				CLANG_WARN_BLOCK_CAPTURE_AUTORELEASING = YES;
				CLANG_WARN_BOOL_CONVERSION = YES;
				CLANG_WARN_COMMA = YES;
				CLANG_WARN_CONSTANT_CONVERSION = YES;
				CLANG_WARN_DEPRECATED_OBJC_IMPLEMENTATIONS = YES;
				CLANG_WARN_DIRECT_OBJC_ISA_USAGE = YES_ERROR;
				CLANG_WARN_DOCUMENTATION_COMMENTS = YES;
				CLANG_WARN_EMPTY_BODY = YES;
				CLANG_WARN_ENUM_CONVERSION = YES;
				CLANG_WARN_INFINITE_RECURSION = YES;
				CLANG_WARN_INT_CONVERSION = YES;
				CLANG_WARN_NON_LITERAL_NULL_CONVERSION = YES;
				CLANG_WARN_OBJC_IMPLICIT_RETAIN_SELF = YES;
				CLANG_WARN_OBJC_LITERAL_CONVERSION = YES;
				CLANG_WARN_OBJC_ROOT_CLASS = YES_ERROR;
				CLANG_WARN_RANGE_LOOP_ANALYSIS = YES;
				CLANG_WARN_STRICT_PROTOTYPES = YES;
				CLANG_WARN_SUSPICIOUS_MOVE = YES;
				CLANG_WARN_UNGUARDED_AVAILABILITY = YES_AGGRESSIVE;
				CLANG_WARN_UNREACHABLE_CODE = YES;
				CLANG_WARN__DUPLICATE_METHOD_MATCH = YES;
				CODE_SIGN_IDENTITY = "iPhone Developer";
				COPY_PHASE_STRIP = NO;
				DEBUG_INFORMATION_FORMAT = dwarf;
				ENABLE_STRICT_OBJC_MSGSEND = YES;
				ENABLE_TESTABILITY = YES;
				GCC_C_LANGUAGE_STANDARD = gnu11;
				GCC_DYNAMIC_NO_PIC = NO;
				GCC_NO_COMMON_BLOCKS = YES;
				GCC_OPTIMIZATION_LEVEL = 0;
				GCC_PREPROCESSOR_DEFINITIONS = (
					"DEBUG=1",
					"$(inherited)",
				);
				GCC_WARN_64_TO_32_BIT_CONVERSION = YES;
				GCC_WARN_ABOUT_RETURN_TYPE = YES_ERROR;
				GCC_WARN_UNDECLARED_SELECTOR = YES;
				GCC_WARN_UNINITIALIZED_AUTOS = YES_AGGRESSIVE;
				GCC_WARN_UNUSED_FUNCTION = YES;
				GCC_WARN_UNUSED_VARIABLE = YES;
				IPHONEOS_DEPLOYMENT_TARGET = 12.2;
				MTL_ENABLE_DEBUG_INFO = INCLUDE_SOURCE;
				MTL_FAST_MATH = YES;
				ONLY_ACTIVE_ARCH = YES;
				SDKROOT = iphoneos;
				SWIFT_ACTIVE_COMPILATION_CONDITIONS = DEBUG;
				SWIFT_OPTIMIZATION_LEVEL = "-Onone";
			};
			name = Debug;
		};
		95D613D723155BF6008D885E /* Release */ = {
			isa = XCBuildConfiguration;
			buildSettings = {
				ALWAYS_SEARCH_USER_PATHS = NO;
				CLANG_ANALYZER_NONNULL = YES;
				CLANG_ANALYZER_NUMBER_OBJECT_CONVERSION = YES_AGGRESSIVE;
				CLANG_CXX_LANGUAGE_STANDARD = "gnu++14";
				CLANG_CXX_LIBRARY = "libc++";
				CLANG_ENABLE_MODULES = YES;
				CLANG_ENABLE_OBJC_ARC = YES;
				CLANG_ENABLE_OBJC_WEAK = YES;
				CLANG_WARN_BLOCK_CAPTURE_AUTORELEASING = YES;
				CLANG_WARN_BOOL_CONVERSION = YES;
				CLANG_WARN_COMMA = YES;
				CLANG_WARN_CONSTANT_CONVERSION = YES;
				CLANG_WARN_DEPRECATED_OBJC_IMPLEMENTATIONS = YES;
				CLANG_WARN_DIRECT_OBJC_ISA_USAGE = YES_ERROR;
				CLANG_WARN_DOCUMENTATION_COMMENTS = YES;
				CLANG_WARN_EMPTY_BODY = YES;
				CLANG_WARN_ENUM_CONVERSION = YES;
				CLANG_WARN_INFINITE_RECURSION = YES;
				CLANG_WARN_INT_CONVERSION = YES;
				CLANG_WARN_NON_LITERAL_NULL_CONVERSION = YES;
				CLANG_WARN_OBJC_IMPLICIT_RETAIN_SELF = YES;
				CLANG_WARN_OBJC_LITERAL_CONVERSION = YES;
				CLANG_WARN_OBJC_ROOT_CLASS = YES_ERROR;
				CLANG_WARN_RANGE_LOOP_ANALYSIS = YES;
				CLANG_WARN_STRICT_PROTOTYPES = YES;
				CLANG_WARN_SUSPICIOUS_MOVE = YES;
				CLANG_WARN_UNGUARDED_AVAILABILITY = YES_AGGRESSIVE;
				CLANG_WARN_UNREACHABLE_CODE = YES;
				CLANG_WARN__DUPLICATE_METHOD_MATCH = YES;
				CODE_SIGN_IDENTITY = "iPhone Developer";
				COPY_PHASE_STRIP = NO;
				DEBUG_INFORMATION_FORMAT = "dwarf-with-dsym";
				ENABLE_NS_ASSERTIONS = NO;
				ENABLE_STRICT_OBJC_MSGSEND = YES;
				GCC_C_LANGUAGE_STANDARD = gnu11;
				GCC_NO_COMMON_BLOCKS = YES;
				GCC_WARN_64_TO_32_BIT_CONVERSION = YES;
				GCC_WARN_ABOUT_RETURN_TYPE = YES_ERROR;
				GCC_WARN_UNDECLARED_SELECTOR = YES;
				GCC_WARN_UNINITIALIZED_AUTOS = YES_AGGRESSIVE;
				GCC_WARN_UNUSED_FUNCTION = YES;
				GCC_WARN_UNUSED_VARIABLE = YES;
				IPHONEOS_DEPLOYMENT_TARGET = 12.2;
				MTL_ENABLE_DEBUG_INFO = NO;
				MTL_FAST_MATH = YES;
				SDKROOT = iphoneos;
				SWIFT_COMPILATION_MODE = wholemodule;
				SWIFT_OPTIMIZATION_LEVEL = "-O";
				VALIDATE_PRODUCT = YES;
			};
			name = Release;
		};
		95D613D923155BF6008D885E /* Debug */ = {
			isa = XCBuildConfiguration;
			baseConfigurationReference = B5F17ADEBFE156AD3509BD71 /* Pods-RideTogether.debug.xcconfig */;
			buildSettings = {
				ASSETCATALOG_COMPILER_APPICON_NAME = AppIcon;
				CODE_SIGN_STYLE = Automatic;
				INFOPLIST_FILE = RideTogether/Info.plist;
				LD_RUNPATH_SEARCH_PATHS = (
					"$(inherited)",
					"@executable_path/Frameworks",
				);
				PRODUCT_BUNDLE_IDENTIFIER = com.KevinKLLo.RideTogether;
				PRODUCT_NAME = "$(TARGET_NAME)";
				SWIFT_VERSION = 5.0;
				TARGETED_DEVICE_FAMILY = "1,2";
			};
			name = Debug;
		};
		95D613DA23155BF6008D885E /* Release */ = {
			isa = XCBuildConfiguration;
			baseConfigurationReference = 38001BBEC0A2B8B4F6323FD5 /* Pods-RideTogether.release.xcconfig */;
			buildSettings = {
				ASSETCATALOG_COMPILER_APPICON_NAME = AppIcon;
				CODE_SIGN_STYLE = Automatic;
				INFOPLIST_FILE = RideTogether/Info.plist;
				LD_RUNPATH_SEARCH_PATHS = (
					"$(inherited)",
					"@executable_path/Frameworks",
				);
				PRODUCT_BUNDLE_IDENTIFIER = com.KevinKLLo.RideTogether;
				PRODUCT_NAME = "$(TARGET_NAME)";
				SWIFT_VERSION = 5.0;
				TARGETED_DEVICE_FAMILY = "1,2";
			};
			name = Release;
		};
/* End XCBuildConfiguration section */

/* Begin XCConfigurationList section */
		95D613C123155BF5008D885E /* Build configuration list for PBXProject "RideTogether" */ = {
			isa = XCConfigurationList;
			buildConfigurations = (
				95D613D623155BF6008D885E /* Debug */,
				95D613D723155BF6008D885E /* Release */,
			);
			defaultConfigurationIsVisible = 0;
			defaultConfigurationName = Release;
		};
		95D613D823155BF6008D885E /* Build configuration list for PBXNativeTarget "RideTogether" */ = {
			isa = XCConfigurationList;
			buildConfigurations = (
				95D613D923155BF6008D885E /* Debug */,
				95D613DA23155BF6008D885E /* Release */,
			);
			defaultConfigurationIsVisible = 0;
			defaultConfigurationName = Release;
		};
/* End XCConfigurationList section */
	};
	rootObject = 95D613BE23155BF5008D885E /* Project object */;
}
